
Microsoft Visual Studio Solution File, Format Version 12.00
# Visual Studio Version 16
VisualStudioVersion = 16.0.31205.134
MinimumVisualStudioVersion = 10.0.40219.1
Project("{FAE04EC0-301F-11D3-BF4B-00C04F79EFBC}") = "WebApplication19", "WebApplication19\WebApplication19.csproj", "{3FC00544-0A47-4577-858B-60E28988F40F}"
EndProject
Global
	GlobalSection(SolutionConfigurationPlatforms) = preSolution
		Debug|Any CPU = Debug|Any CPU
		Release|Any CPU = Release|Any CPU
	EndGlobalSection
	GlobalSection(ProjectConfigurationPlatforms) = postSolution
		{3FC00544-0A47-4577-858B-60E28988F40F}.Debug|Any CPU.ActiveCfg = Debug|Any CPU
		{3FC00544-0A47-4577-858B-60E28988F40F}.Debug|Any CPU.Build.0 = Debug|Any CPU
		{3FC00544-0A47-4577-858B-60E28988F40F}.Release|Any CPU.ActiveCfg = Release|Any CPU
		{3FC00544-0A47-4577-858B-60E28988F40F}.Release|Any CPU.Build.0 = Release|Any CPU
	EndGlobalSection
	GlobalSection(SolutionProperties) = preSolution
		HideSolutionNode = FALSE
	EndGlobalSection
	GlobalSection(ExtensibilityGlobals) = postSolution
		SolutionGuid = {AED588C8-2BB9-439D-B8DE-CCF7DD09CA28}
	EndGlobalSection
EndGlobal
